
Microsoft Visual Studio Solution File, Format Version 12.00
# Visual Studio Version 16
VisualStudioVersion = 16.0.33214.272
MinimumVisualStudioVersion = 10.0.40219.1
Project("{888888A0-9F3D-457C-B088-3A5042F75D52}") = "moveToBoxFast", "moveToBoxFast.pyproj", "{4D6997E9-897B-415E-B807-358B192D8F54}"
EndProject
Global
	GlobalSection(SolutionConfigurationPlatforms) = preSolution
		Debug|Any CPU = Debug|Any CPU
		Release|Any CPU = Release|Any CPU
	EndGlobalSection
	GlobalSection(ProjectConfigurationPlatforms) = postSolution
		{4D6997E9-897B-415E-B807-358B192D8F54}.Debug|Any CPU.ActiveCfg = Debug|Any CPU
		{4D6997E9-897B-415E-B807-358B192D8F54}.Release|Any CPU.ActiveCfg = Release|Any CPU
	EndGlobalSection
	GlobalSection(SolutionProperties) = preSolution
		HideSolutionNode = FALSE
	EndGlobalSection
	GlobalSection(ExtensibilityGlobals) = postSolution
		SolutionGuid = {B252B537-BB91-4986-9F13-3559A0CE9CD5}
	EndGlobalSection
EndGlobal
